
Microsoft Visual Studio Solution File, Format Version 12.00
# Visual Studio Version 17
VisualStudioVersion = 17.13.35828.75
MinimumVisualStudioVersion = 10.0.40219.1
Project("{FAE04EC0-301F-11D3-BF4B-00C04F79EFBC}") = "Presentation", "Presentation\Presentation.csproj", "{490CE419-AC5C-4E2C-A214-EC34A95DCBB7}"
EndProject
Project("{FAE04EC0-301F-11D3-BF4B-00C04F79EFBC}") = "TokenServiceProvider.Tests", "TokenServiceProvider.Tests\TokenServiceProvider.Tests.csproj", "{ADD2F968-5931-4EEB-896C-A4ED74945644}"
EndProject
Global
	GlobalSection(SolutionConfigurationPlatforms) = preSolution
		Debug|Any CPU = Debug|Any CPU
		Release|Any CPU = Release|Any CPU
	EndGlobalSection
	GlobalSection(ProjectConfigurationPlatforms) = postSolution
		{490CE419-AC5C-4E2C-A214-EC34A95DCBB7}.Debug|Any CPU.ActiveCfg = Debug|Any CPU
		{490CE419-AC5C-4E2C-A214-EC34A95DCBB7}.Debug|Any CPU.Build.0 = Debug|Any CPU
		{490CE419-AC5C-4E2C-A214-EC34A95DCBB7}.Release|Any CPU.ActiveCfg = Release|Any CPU
		{490CE419-AC5C-4E2C-A214-EC34A95DCBB7}.Release|Any CPU.Build.0 = Release|Any CPU
		{ADD2F968-5931-4EEB-896C-A4ED74945644}.Debug|Any CPU.ActiveCfg = Debug|Any CPU
		{ADD2F968-5931-4EEB-896C-A4ED74945644}.Debug|Any CPU.Build.0 = Debug|Any CPU
		{ADD2F968-5931-4EEB-896C-A4ED74945644}.Release|Any CPU.ActiveCfg = Release|Any CPU
		{ADD2F968-5931-4EEB-896C-A4ED74945644}.Release|Any CPU.Build.0 = Release|Any CPU
	EndGlobalSection
	GlobalSection(SolutionProperties) = preSolution
		HideSolutionNode = FALSE
	EndGlobalSection
	GlobalSection(ExtensibilityGlobals) = postSolution
		SolutionGuid = {06A7AC7D-CD48-42B8-8581-74443F71B8C2}
	EndGlobalSection
EndGlobal
